// !$*UTF8*$!
{
	archiveVersion = 1;
	classes = {
	};
	objectVersion = 55;
	objects = {

/* Begin PBXBuildFile section */
		2CCCBE4A6C73C2E849EBEA57 /* Pods_PokemonCard_PokemonCardUITests.framework in Frameworks */ = {isa = PBXBuildFile; fileRef = 41A911FBA5087C1183FD83E5 /* Pods_PokemonCard_PokemonCardUITests.framework */; };
		4BF6FBD2C61D71F5418C82AF /* Pods_PokemonCard.framework in Frameworks */ = {isa = PBXBuildFile; fileRef = 661A5C7B240FAC4A62476365 /* Pods_PokemonCard.framework */; };
		5C4034FCF46934C7D9271855 /* Pods_PokemonCardTests.framework in Frameworks */ = {isa = PBXBuildFile; fileRef = 2110CCD8CA1B26538F81EE89 /* Pods_PokemonCardTests.framework */; };
		BDB8188127B5572E0093CE52 /* APIRouter.swift in Sources */ = {isa = PBXBuildFile; fileRef = BDB8188027B5572E0093CE52 /* APIRouter.swift */; };
		BDB8188D27B58DA00093CE52 /* Service.swift in Sources */ = {isa = PBXBuildFile; fileRef = BDB8188C27B58DA00093CE52 /* Service.swift */; };
		BDB8188F27B6960A0093CE52 /* ServiceManager.swift in Sources */ = {isa = PBXBuildFile; fileRef = BDB8188E27B6960A0093CE52 /* ServiceManager.swift */; };
		BDB8189227B6E4330093CE52 /* Reachability.swift in Sources */ = {isa = PBXBuildFile; fileRef = BDB8189127B6E4330093CE52 /* Reachability.swift */; };
		BDB8189427B6F03F0093CE52 /* Alertable.swift in Sources */ = {isa = PBXBuildFile; fileRef = BDB8189327B6F03F0093CE52 /* Alertable.swift */; };
		BDB8189627B6F2480093CE52 /* CustomViews.swift in Sources */ = {isa = PBXBuildFile; fileRef = BDB8189527B6F2480093CE52 /* CustomViews.swift */; };
		BDDF9E7E27B267C3006228A1 /* AppDelegate.swift in Sources */ = {isa = PBXBuildFile; fileRef = BDDF9E7D27B267C3006228A1 /* AppDelegate.swift */; };
		BDDF9E8027B267C3006228A1 /* SceneDelegate.swift in Sources */ = {isa = PBXBuildFile; fileRef = BDDF9E7F27B267C3006228A1 /* SceneDelegate.swift */; };
		BDDF9E8727B267C5006228A1 /* Assets.xcassets in Resources */ = {isa = PBXBuildFile; fileRef = BDDF9E8627B267C5006228A1 /* Assets.xcassets */; };
		BDDF9E8A27B267C5006228A1 /* LaunchScreen.storyboard in Resources */ = {isa = PBXBuildFile; fileRef = BDDF9E8827B267C5006228A1 /* LaunchScreen.storyboard */; };
		BDDF9E9527B267C6006228A1 /* PokemonCardTests.swift in Sources */ = {isa = PBXBuildFile; fileRef = BDDF9E9427B267C6006228A1 /* PokemonCardTests.swift */; };
		BDDF9E9F27B267C6006228A1 /* PokemonCardUITests.swift in Sources */ = {isa = PBXBuildFile; fileRef = BDDF9E9E27B267C6006228A1 /* PokemonCardUITests.swift */; };
		BDDF9EA127B267C6006228A1 /* PokemonCardUITestsLaunchTests.swift in Sources */ = {isa = PBXBuildFile; fileRef = BDDF9EA027B267C6006228A1 /* PokemonCardUITestsLaunchTests.swift */; };
		BDDF9EB527B2AA21006228A1 /* DiscoveriesPresenter.swift in Sources */ = {isa = PBXBuildFile; fileRef = BDDF9EAF27B2AA21006228A1 /* DiscoveriesPresenter.swift */; };
		BDDF9EB627B2AA21006228A1 /* DiscoveriesRouter.swift in Sources */ = {isa = PBXBuildFile; fileRef = BDDF9EB027B2AA21006228A1 /* DiscoveriesRouter.swift */; };
		BDDF9EB727B2AA21006228A1 /* DiscoveriesModels.swift in Sources */ = {isa = PBXBuildFile; fileRef = BDDF9EB127B2AA21006228A1 /* DiscoveriesModels.swift */; };
		BDDF9EB827B2AA21006228A1 /* DiscoveriesInteractor.swift in Sources */ = {isa = PBXBuildFile; fileRef = BDDF9EB227B2AA21006228A1 /* DiscoveriesInteractor.swift */; };
		BDDF9EB927B2AA21006228A1 /* DiscoveriesProtocol.swift in Sources */ = {isa = PBXBuildFile; fileRef = BDDF9EB327B2AA21006228A1 /* DiscoveriesProtocol.swift */; };
		BDDF9EBA27B2AA21006228A1 /* DiscoveriesVC.swift in Sources */ = {isa = PBXBuildFile; fileRef = BDDF9EB427B2AA21006228A1 /* DiscoveriesVC.swift */; };
		BDDF9EC227B2ACC0006228A1 /* Extension + UIColor.swift in Sources */ = {isa = PBXBuildFile; fileRef = BDDF9EC127B2ACC0006228A1 /* Extension + UIColor.swift */; };
		BDDF9EC527B2AE47006228A1 /* Util + Color.swift in Sources */ = {isa = PBXBuildFile; fileRef = BDDF9EC427B2AE47006228A1 /* Util + Color.swift */; };
		BDDF9ECA27B2BD9C006228A1 /* Configurable.swift in Sources */ = {isa = PBXBuildFile; fileRef = BDDF9EC927B2BD9C006228A1 /* Configurable.swift */; };
		BDDF9ED327B2C1CC006228A1 /* DiscoveriesCell.swift in Sources */ = {isa = PBXBuildFile; fileRef = BDDF9ED227B2C1CC006228A1 /* DiscoveriesCell.swift */; };
		BDDF9ED727B2C58B006228A1 /* Extension + UIViewController.swift in Sources */ = {isa = PBXBuildFile; fileRef = BDDF9ED627B2C58B006228A1 /* Extension + UIViewController.swift */; };
		BDDF9EDF27B2DFB8006228A1 /* CardDetailsPresenter.swift in Sources */ = {isa = PBXBuildFile; fileRef = BDDF9ED927B2DFB8006228A1 /* CardDetailsPresenter.swift */; };
		BDDF9EE027B2DFB8006228A1 /* CardDetailsRouter.swift in Sources */ = {isa = PBXBuildFile; fileRef = BDDF9EDA27B2DFB8006228A1 /* CardDetailsRouter.swift */; };
		BDDF9EE127B2DFB8006228A1 /* CardDetailsModels.swift in Sources */ = {isa = PBXBuildFile; fileRef = BDDF9EDB27B2DFB8006228A1 /* CardDetailsModels.swift */; };
		BDDF9EE227B2DFB8006228A1 /* CardDetailsInteractor.swift in Sources */ = {isa = PBXBuildFile; fileRef = BDDF9EDC27B2DFB8006228A1 /* CardDetailsInteractor.swift */; };
		BDDF9EE327B2DFB8006228A1 /* CardDetailsProtocol.swift in Sources */ = {isa = PBXBuildFile; fileRef = BDDF9EDD27B2DFB8006228A1 /* CardDetailsProtocol.swift */; };
		BDDF9EE427B2DFB8006228A1 /* CardDetailsVC.swift in Sources */ = {isa = PBXBuildFile; fileRef = BDDF9EDE27B2DFB8006228A1 /* CardDetailsVC.swift */; };
		BDDF9EE627B2E542006228A1 /* Extension + UIFont.swift in Sources */ = {isa = PBXBuildFile; fileRef = BDDF9EE527B2E542006228A1 /* Extension + UIFont.swift */; };
		BDDF9EF527B3F5A7006228A1 /* Util + Identifier.swift in Sources */ = {isa = PBXBuildFile; fileRef = BDDF9EF427B3F5A7006228A1 /* Util + Identifier.swift */; };
		BDDF9EF927B4271D006228A1 /* OtherCardsCollectionViewCell.swift in Sources */ = {isa = PBXBuildFile; fileRef = BDDF9EF827B4271D006228A1 /* OtherCardsCollectionViewCell.swift */; };
/* End PBXBuildFile section */

/* Begin PBXContainerItemProxy section */
		BDDF9E9127B267C6006228A1 /* PBXContainerItemProxy */ = {
			isa = PBXContainerItemProxy;
			containerPortal = BDDF9E7227B267C3006228A1 /* Project object */;
			proxyType = 1;
			remoteGlobalIDString = BDDF9E7927B267C3006228A1;
			remoteInfo = PokemonCard;
		};
		BDDF9E9B27B267C6006228A1 /* PBXContainerItemProxy */ = {
			isa = PBXContainerItemProxy;
			containerPortal = BDDF9E7227B267C3006228A1 /* Project object */;
			proxyType = 1;
			remoteGlobalIDString = BDDF9E7927B267C3006228A1;
			remoteInfo = PokemonCard;
		};
/* End PBXContainerItemProxy section */

/* Begin PBXFileReference section */
		2110CCD8CA1B26538F81EE89 /* Pods_PokemonCardTests.framework */ = {isa = PBXFileReference; explicitFileType = wrapper.framework; includeInIndex = 0; path = Pods_PokemonCardTests.framework; sourceTree = BUILT_PRODUCTS_DIR; };
		33B48C12934A34B1C744F442 /* Pods-PokemonCardTests.release.xcconfig */ = {isa = PBXFileReference; includeInIndex = 1; lastKnownFileType = text.xcconfig; name = "Pods-PokemonCardTests.release.xcconfig"; path = "Target Support Files/Pods-PokemonCardTests/Pods-PokemonCardTests.release.xcconfig"; sourceTree = "<group>"; };
		41A911FBA5087C1183FD83E5 /* Pods_PokemonCard_PokemonCardUITests.framework */ = {isa = PBXFileReference; explicitFileType = wrapper.framework; includeInIndex = 0; path = Pods_PokemonCard_PokemonCardUITests.framework; sourceTree = BUILT_PRODUCTS_DIR; };
		49B38A6804A964696881956F /* Pods-PokemonCard.debug.xcconfig */ = {isa = PBXFileReference; includeInIndex = 1; lastKnownFileType = text.xcconfig; name = "Pods-PokemonCard.debug.xcconfig"; path = "Target Support Files/Pods-PokemonCard/Pods-PokemonCard.debug.xcconfig"; sourceTree = "<group>"; };
		4E6A1C9CCA61A320B78866F0 /* Pods-PokemonCard.release.xcconfig */ = {isa = PBXFileReference; includeInIndex = 1; lastKnownFileType = text.xcconfig; name = "Pods-PokemonCard.release.xcconfig"; path = "Target Support Files/Pods-PokemonCard/Pods-PokemonCard.release.xcconfig"; sourceTree = "<group>"; };
		52F84E0B4E46D37B8516A325 /* Pods-PokemonCard-PokemonCardUITests.debug.xcconfig */ = {isa = PBXFileReference; includeInIndex = 1; lastKnownFileType = text.xcconfig; name = "Pods-PokemonCard-PokemonCardUITests.debug.xcconfig"; path = "Target Support Files/Pods-PokemonCard-PokemonCardUITests/Pods-PokemonCard-PokemonCardUITests.debug.xcconfig"; sourceTree = "<group>"; };
		661A5C7B240FAC4A62476365 /* Pods_PokemonCard.framework */ = {isa = PBXFileReference; explicitFileType = wrapper.framework; includeInIndex = 0; path = Pods_PokemonCard.framework; sourceTree = BUILT_PRODUCTS_DIR; };
		BDB8188027B5572E0093CE52 /* APIRouter.swift */ = {isa = PBXFileReference; lastKnownFileType = sourcecode.swift; path = APIRouter.swift; sourceTree = "<group>"; };
		BDB8188C27B58DA00093CE52 /* Service.swift */ = {isa = PBXFileReference; lastKnownFileType = sourcecode.swift; path = Service.swift; sourceTree = "<group>"; };
		BDB8188E27B6960A0093CE52 /* ServiceManager.swift */ = {isa = PBXFileReference; lastKnownFileType = sourcecode.swift; path = ServiceManager.swift; sourceTree = "<group>"; };
		BDB8189127B6E4330093CE52 /* Reachability.swift */ = {isa = PBXFileReference; lastKnownFileType = sourcecode.swift; path = Reachability.swift; sourceTree = "<group>"; };
		BDB8189327B6F03F0093CE52 /* Alertable.swift */ = {isa = PBXFileReference; lastKnownFileType = sourcecode.swift; path = Alertable.swift; sourceTree = "<group>"; };
		BDB8189527B6F2480093CE52 /* CustomViews.swift */ = {isa = PBXFileReference; lastKnownFileType = sourcecode.swift; path = CustomViews.swift; sourceTree = "<group>"; };
		BDDF9E7A27B267C3006228A1 /* PokemonCard.app */ = {isa = PBXFileReference; explicitFileType = wrapper.application; includeInIndex = 0; path = PokemonCard.app; sourceTree = BUILT_PRODUCTS_DIR; };
		BDDF9E7D27B267C3006228A1 /* AppDelegate.swift */ = {isa = PBXFileReference; lastKnownFileType = sourcecode.swift; path = AppDelegate.swift; sourceTree = "<group>"; };
		BDDF9E7F27B267C3006228A1 /* SceneDelegate.swift */ = {isa = PBXFileReference; lastKnownFileType = sourcecode.swift; path = SceneDelegate.swift; sourceTree = "<group>"; };
		BDDF9E8627B267C5006228A1 /* Assets.xcassets */ = {isa = PBXFileReference; lastKnownFileType = folder.assetcatalog; path = Assets.xcassets; sourceTree = "<group>"; };
		BDDF9E8927B267C5006228A1 /* Base */ = {isa = PBXFileReference; lastKnownFileType = file.storyboard; name = Base; path = Base.lproj/LaunchScreen.storyboard; sourceTree = "<group>"; };
		BDDF9E8B27B267C5006228A1 /* Info.plist */ = {isa = PBXFileReference; lastKnownFileType = text.plist.xml; path = Info.plist; sourceTree = "<group>"; };
		BDDF9E9027B267C6006228A1 /* PokemonCardTests.xctest */ = {isa = PBXFileReference; explicitFileType = wrapper.cfbundle; includeInIndex = 0; path = PokemonCardTests.xctest; sourceTree = BUILT_PRODUCTS_DIR; };
		BDDF9E9427B267C6006228A1 /* PokemonCardTests.swift */ = {isa = PBXFileReference; lastKnownFileType = sourcecode.swift; path = PokemonCardTests.swift; sourceTree = "<group>"; };
		BDDF9E9A27B267C6006228A1 /* PokemonCardUITests.xctest */ = {isa = PBXFileReference; explicitFileType = wrapper.cfbundle; includeInIndex = 0; path = PokemonCardUITests.xctest; sourceTree = BUILT_PRODUCTS_DIR; };
		BDDF9E9E27B267C6006228A1 /* PokemonCardUITests.swift */ = {isa = PBXFileReference; lastKnownFileType = sourcecode.swift; path = PokemonCardUITests.swift; sourceTree = "<group>"; };
		BDDF9EA027B267C6006228A1 /* PokemonCardUITestsLaunchTests.swift */ = {isa = PBXFileReference; lastKnownFileType = sourcecode.swift; path = PokemonCardUITestsLaunchTests.swift; sourceTree = "<group>"; };
		BDDF9EAF27B2AA21006228A1 /* DiscoveriesPresenter.swift */ = {isa = PBXFileReference; lastKnownFileType = sourcecode.swift; path = DiscoveriesPresenter.swift; sourceTree = "<group>"; };
		BDDF9EB027B2AA21006228A1 /* DiscoveriesRouter.swift */ = {isa = PBXFileReference; lastKnownFileType = sourcecode.swift; path = DiscoveriesRouter.swift; sourceTree = "<group>"; };
		BDDF9EB127B2AA21006228A1 /* DiscoveriesModels.swift */ = {isa = PBXFileReference; lastKnownFileType = sourcecode.swift; path = DiscoveriesModels.swift; sourceTree = "<group>"; };
		BDDF9EB227B2AA21006228A1 /* DiscoveriesInteractor.swift */ = {isa = PBXFileReference; lastKnownFileType = sourcecode.swift; path = DiscoveriesInteractor.swift; sourceTree = "<group>"; };
		BDDF9EB327B2AA21006228A1 /* DiscoveriesProtocol.swift */ = {isa = PBXFileReference; lastKnownFileType = sourcecode.swift; path = DiscoveriesProtocol.swift; sourceTree = "<group>"; };
		BDDF9EB427B2AA21006228A1 /* DiscoveriesVC.swift */ = {isa = PBXFileReference; lastKnownFileType = sourcecode.swift; path = DiscoveriesVC.swift; sourceTree = "<group>"; };
		BDDF9EC127B2ACC0006228A1 /* Extension + UIColor.swift */ = {isa = PBXFileReference; lastKnownFileType = sourcecode.swift; path = "Extension + UIColor.swift"; sourceTree = "<group>"; };
		BDDF9EC427B2AE47006228A1 /* Util + Color.swift */ = {isa = PBXFileReference; lastKnownFileType = sourcecode.swift; path = "Util + Color.swift"; sourceTree = "<group>"; };
		BDDF9EC927B2BD9C006228A1 /* Configurable.swift */ = {isa = PBXFileReference; lastKnownFileType = sourcecode.swift; path = Configurable.swift; sourceTree = "<group>"; };
		BDDF9ED227B2C1CC006228A1 /* DiscoveriesCell.swift */ = {isa = PBXFileReference; lastKnownFileType = sourcecode.swift; path = DiscoveriesCell.swift; sourceTree = "<group>"; };
		BDDF9ED627B2C58B006228A1 /* Extension + UIViewController.swift */ = {isa = PBXFileReference; lastKnownFileType = sourcecode.swift; path = "Extension + UIViewController.swift"; sourceTree = "<group>"; };
		BDDF9ED927B2DFB8006228A1 /* CardDetailsPresenter.swift */ = {isa = PBXFileReference; lastKnownFileType = sourcecode.swift; path = CardDetailsPresenter.swift; sourceTree = "<group>"; };
		BDDF9EDA27B2DFB8006228A1 /* CardDetailsRouter.swift */ = {isa = PBXFileReference; lastKnownFileType = sourcecode.swift; path = CardDetailsRouter.swift; sourceTree = "<group>"; };
		BDDF9EDB27B2DFB8006228A1 /* CardDetailsModels.swift */ = {isa = PBXFileReference; lastKnownFileType = sourcecode.swift; path = CardDetailsModels.swift; sourceTree = "<group>"; };
		BDDF9EDC27B2DFB8006228A1 /* CardDetailsInteractor.swift */ = {isa = PBXFileReference; lastKnownFileType = sourcecode.swift; path = CardDetailsInteractor.swift; sourceTree = "<group>"; };
		BDDF9EDD27B2DFB8006228A1 /* CardDetailsProtocol.swift */ = {isa = PBXFileReference; lastKnownFileType = sourcecode.swift; path = CardDetailsProtocol.swift; sourceTree = "<group>"; };
		BDDF9EDE27B2DFB8006228A1 /* CardDetailsVC.swift */ = {isa = PBXFileReference; lastKnownFileType = sourcecode.swift; path = CardDetailsVC.swift; sourceTree = "<group>"; };
		BDDF9EE527B2E542006228A1 /* Extension + UIFont.swift */ = {isa = PBXFileReference; lastKnownFileType = sourcecode.swift; path = "Extension + UIFont.swift"; sourceTree = "<group>"; };
		BDDF9EF427B3F5A7006228A1 /* Util + Identifier.swift */ = {isa = PBXFileReference; lastKnownFileType = sourcecode.swift; path = "Util + Identifier.swift"; sourceTree = "<group>"; };
		BDDF9EF827B4271D006228A1 /* OtherCardsCollectionViewCell.swift */ = {isa = PBXFileReference; lastKnownFileType = sourcecode.swift; path = OtherCardsCollectionViewCell.swift; sourceTree = "<group>"; };
		C51958666F0B372A7A00474D /* Pods-PokemonCard-PokemonCardUITests.release.xcconfig */ = {isa = PBXFileReference; includeInIndex = 1; lastKnownFileType = text.xcconfig; name = "Pods-PokemonCard-PokemonCardUITests.release.xcconfig"; path = "Target Support Files/Pods-PokemonCard-PokemonCardUITests/Pods-PokemonCard-PokemonCardUITests.release.xcconfig"; sourceTree = "<group>"; };
		F33C2CDAA26D1B4C66F21AB2 /* Pods-PokemonCardTests.debug.xcconfig */ = {isa = PBXFileReference; includeInIndex = 1; lastKnownFileType = text.xcconfig; name = "Pods-PokemonCardTests.debug.xcconfig"; path = "Target Support Files/Pods-PokemonCardTests/Pods-PokemonCardTests.debug.xcconfig"; sourceTree = "<group>"; };
/* End PBXFileReference section */

/* Begin PBXFrameworksBuildPhase section */
		BDDF9E7727B267C3006228A1 /* Frameworks */ = {
			isa = PBXFrameworksBuildPhase;
			buildActionMask = 2147483647;
			files = (
				4BF6FBD2C61D71F5418C82AF /* Pods_PokemonCard.framework in Frameworks */,
			);
			runOnlyForDeploymentPostprocessing = 0;
		};
		BDDF9E8D27B267C6006228A1 /* Frameworks */ = {
			isa = PBXFrameworksBuildPhase;
			buildActionMask = 2147483647;
			files = (
				5C4034FCF46934C7D9271855 /* Pods_PokemonCardTests.framework in Frameworks */,
			);
			runOnlyForDeploymentPostprocessing = 0;
		};
		BDDF9E9727B267C6006228A1 /* Frameworks */ = {
			isa = PBXFrameworksBuildPhase;
			buildActionMask = 2147483647;
			files = (
				2CCCBE4A6C73C2E849EBEA57 /* Pods_PokemonCard_PokemonCardUITests.framework in Frameworks */,
			);
			runOnlyForDeploymentPostprocessing = 0;
		};
/* End PBXFrameworksBuildPhase section */

/* Begin PBXGroup section */
		0A3145589B19281600CB70F5 /* Pods */ = {
			isa = PBXGroup;
			children = (
				49B38A6804A964696881956F /* Pods-PokemonCard.debug.xcconfig */,
				4E6A1C9CCA61A320B78866F0 /* Pods-PokemonCard.release.xcconfig */,
				52F84E0B4E46D37B8516A325 /* Pods-PokemonCard-PokemonCardUITests.debug.xcconfig */,
				C51958666F0B372A7A00474D /* Pods-PokemonCard-PokemonCardUITests.release.xcconfig */,
				F33C2CDAA26D1B4C66F21AB2 /* Pods-PokemonCardTests.debug.xcconfig */,
				33B48C12934A34B1C744F442 /* Pods-PokemonCardTests.release.xcconfig */,
			);
			path = Pods;
			sourceTree = "<group>";
		};
		A225024476B4CADA18801ABB /* Frameworks */ = {
			isa = PBXGroup;
			children = (
				661A5C7B240FAC4A62476365 /* Pods_PokemonCard.framework */,
				41A911FBA5087C1183FD83E5 /* Pods_PokemonCard_PokemonCardUITests.framework */,
				2110CCD8CA1B26538F81EE89 /* Pods_PokemonCardTests.framework */,
			);
			name = Frameworks;
			sourceTree = "<group>";
		};
		BDB8189027B6E4230093CE52 /* Reachability */ = {
			isa = PBXGroup;
			children = (
				BDB8189127B6E4330093CE52 /* Reachability.swift */,
			);
			path = Reachability;
			sourceTree = "<group>";
		};
		BDDF9E7127B267C3006228A1 = {
			isa = PBXGroup;
			children = (
				BDDF9E7C27B267C3006228A1 /* PokemonCard */,
				BDDF9E9327B267C6006228A1 /* PokemonCardTests */,
				BDDF9E9D27B267C6006228A1 /* PokemonCardUITests */,
				BDDF9E7B27B267C3006228A1 /* Products */,
				0A3145589B19281600CB70F5 /* Pods */,
				A225024476B4CADA18801ABB /* Frameworks */,
			);
			sourceTree = "<group>";
		};
		BDDF9E7B27B267C3006228A1 /* Products */ = {
			isa = PBXGroup;
			children = (
				BDDF9E7A27B267C3006228A1 /* PokemonCard.app */,
				BDDF9E9027B267C6006228A1 /* PokemonCardTests.xctest */,
				BDDF9E9A27B267C6006228A1 /* PokemonCardUITests.xctest */,
			);
			name = Products;
			sourceTree = "<group>";
		};
		BDDF9E7C27B267C3006228A1 /* PokemonCard */ = {
			isa = PBXGroup;
			children = (
				BDDF9EFC27B43CBD006228A1 /* Core */,
				BDDF9EBE27B2AC94006228A1 /* Extensions */,
				BDDF9EC327B2AE38006228A1 /* Utils */,
				BDDF9EAD27B26ABE006228A1 /* Modules */,
				BDDF9E7D27B267C3006228A1 /* AppDelegate.swift */,
				BDDF9E7F27B267C3006228A1 /* SceneDelegate.swift */,
				BDDF9E8627B267C5006228A1 /* Assets.xcassets */,
				BDDF9E8827B267C5006228A1 /* LaunchScreen.storyboard */,
				BDDF9E8B27B267C5006228A1 /* Info.plist */,
			);
			path = PokemonCard;
			sourceTree = "<group>";
		};
		BDDF9E9327B267C6006228A1 /* PokemonCardTests */ = {
			isa = PBXGroup;
			children = (
				BDDF9E9427B267C6006228A1 /* PokemonCardTests.swift */,
			);
			path = PokemonCardTests;
			sourceTree = "<group>";
		};
		BDDF9E9D27B267C6006228A1 /* PokemonCardUITests */ = {
			isa = PBXGroup;
			children = (
				BDDF9E9E27B267C6006228A1 /* PokemonCardUITests.swift */,
				BDDF9EA027B267C6006228A1 /* PokemonCardUITestsLaunchTests.swift */,
			);
			path = PokemonCardUITests;
			sourceTree = "<group>";
		};
		BDDF9EAD27B26ABE006228A1 /* Modules */ = {
			isa = PBXGroup;
			children = (
				BDDF9ED827B2DF90006228A1 /* CardDetails */,
				BDDF9EAE27B2A9E7006228A1 /* Discoveries */,
			);
			path = Modules;
			sourceTree = "<group>";
		};
		BDDF9EAE27B2A9E7006228A1 /* Discoveries */ = {
			isa = PBXGroup;
			children = (
				BDDF9ECB27B2C14A006228A1 /* views */,
				BDDF9EAF27B2AA21006228A1 /* DiscoveriesPresenter.swift */,
				BDDF9EB027B2AA21006228A1 /* DiscoveriesRouter.swift */,
				BDDF9EB127B2AA21006228A1 /* DiscoveriesModels.swift */,
				BDDF9EB227B2AA21006228A1 /* DiscoveriesInteractor.swift */,
				BDDF9EB327B2AA21006228A1 /* DiscoveriesProtocol.swift */,
				BDDF9EB427B2AA21006228A1 /* DiscoveriesVC.swift */,
			);
			path = Discoveries;
			sourceTree = "<group>";
		};
		BDDF9EBE27B2AC94006228A1 /* Extensions */ = {
			isa = PBXGroup;
			children = (
				BDDF9EC127B2ACC0006228A1 /* Extension + UIColor.swift */,
				BDDF9ED627B2C58B006228A1 /* Extension + UIViewController.swift */,
				BDDF9EE527B2E542006228A1 /* Extension + UIFont.swift */,
				BDB8189327B6F03F0093CE52 /* Alertable.swift */,
			);
			path = Extensions;
			sourceTree = "<group>";
		};
		BDDF9EC327B2AE38006228A1 /* Utils */ = {
			isa = PBXGroup;
			children = (
				BDDF9EC427B2AE47006228A1 /* Util + Color.swift */,
				BDDF9EC927B2BD9C006228A1 /* Configurable.swift */,
				BDDF9EF427B3F5A7006228A1 /* Util + Identifier.swift */,
				BDB8189527B6F2480093CE52 /* CustomViews.swift */,
			);
			path = Utils;
			sourceTree = "<group>";
		};
		BDDF9ECB27B2C14A006228A1 /* views */ = {
			isa = PBXGroup;
			children = (
				BDDF9ED227B2C1CC006228A1 /* DiscoveriesCell.swift */,
			);
			path = views;
			sourceTree = "<group>";
		};
		BDDF9ED827B2DF90006228A1 /* CardDetails */ = {
			isa = PBXGroup;
			children = (
				BDDF9EF727B42708006228A1 /* views */,
				BDDF9ED927B2DFB8006228A1 /* CardDetailsPresenter.swift */,
				BDDF9EDA27B2DFB8006228A1 /* CardDetailsRouter.swift */,
				BDDF9EDB27B2DFB8006228A1 /* CardDetailsModels.swift */,
				BDDF9EDC27B2DFB8006228A1 /* CardDetailsInteractor.swift */,
				BDDF9EDD27B2DFB8006228A1 /* CardDetailsProtocol.swift */,
				BDDF9EDE27B2DFB8006228A1 /* CardDetailsVC.swift */,
			);
			path = CardDetails;
			sourceTree = "<group>";
		};
		BDDF9EF727B42708006228A1 /* views */ = {
			isa = PBXGroup;
			children = (
				BDDF9EF827B4271D006228A1 /* OtherCardsCollectionViewCell.swift */,
			);
			path = views;
			sourceTree = "<group>";
		};
		BDDF9EFC27B43CBD006228A1 /* Core */ = {
			isa = PBXGroup;
			children = (
				BDB8189027B6E4230093CE52 /* Reachability */,
				BDB8188027B5572E0093CE52 /* APIRouter.swift */,
				BDB8188C27B58DA00093CE52 /* Service.swift */,
				BDB8188E27B6960A0093CE52 /* ServiceManager.swift */,
			);
			path = Core;
			sourceTree = "<group>";
		};
/* End PBXGroup section */

/* Begin PBXNativeTarget section */
		BDDF9E7927B267C3006228A1 /* PokemonCard */ = {
			isa = PBXNativeTarget;
			buildConfigurationList = BDDF9EA427B267C6006228A1 /* Build configuration list for PBXNativeTarget "PokemonCard" */;
			buildPhases = (
				57588336B49F7F775C38CD9F /* [CP] Check Pods Manifest.lock */,
				BDDF9E7627B267C3006228A1 /* Sources */,
				BDDF9E7727B267C3006228A1 /* Frameworks */,
				BDDF9E7827B267C3006228A1 /* Resources */,
				9C7D368E93D235F0C89A91BC /* [CP] Embed Pods Frameworks */,
			);
			buildRules = (
			);
			dependencies = (
			);
			name = PokemonCard;
			productName = PokemonCard;
			productReference = BDDF9E7A27B267C3006228A1 /* PokemonCard.app */;
			productType = "com.apple.product-type.application";
		};
		BDDF9E8F27B267C6006228A1 /* PokemonCardTests */ = {
			isa = PBXNativeTarget;
			buildConfigurationList = BDDF9EA727B267C6006228A1 /* Build configuration list for PBXNativeTarget "PokemonCardTests" */;
			buildPhases = (
				5A396BE6CE36D2CF945278B8 /* [CP] Check Pods Manifest.lock */,
				BDDF9E8C27B267C6006228A1 /* Sources */,
				BDDF9E8D27B267C6006228A1 /* Frameworks */,
				BDDF9E8E27B267C6006228A1 /* Resources */,
			);
			buildRules = (
			);
			dependencies = (
				BDDF9E9227B267C6006228A1 /* PBXTargetDependency */,
			);
			name = PokemonCardTests;
			productName = PokemonCardTests;
			productReference = BDDF9E9027B267C6006228A1 /* PokemonCardTests.xctest */;
			productType = "com.apple.product-type.bundle.unit-test";
		};
		BDDF9E9927B267C6006228A1 /* PokemonCardUITests */ = {
			isa = PBXNativeTarget;
			buildConfigurationList = BDDF9EAA27B267C6006228A1 /* Build configuration list for PBXNativeTarget "PokemonCardUITests" */;
			buildPhases = (
				DE486B658DE029D931AC7700 /* [CP] Check Pods Manifest.lock */,
				BDDF9E9627B267C6006228A1 /* Sources */,
				BDDF9E9727B267C6006228A1 /* Frameworks */,
				BDDF9E9827B267C6006228A1 /* Resources */,
				BEC5B4448C2EDD1C5DCC4374 /* [CP] Embed Pods Frameworks */,
			);
			buildRules = (
			);
			dependencies = (
				BDDF9E9C27B267C6006228A1 /* PBXTargetDependency */,
			);
			name = PokemonCardUITests;
			productName = PokemonCardUITests;
			productReference = BDDF9E9A27B267C6006228A1 /* PokemonCardUITests.xctest */;
			productType = "com.apple.product-type.bundle.ui-testing";
		};
/* End PBXNativeTarget section */

/* Begin PBXProject section */
		BDDF9E7227B267C3006228A1 /* Project object */ = {
			isa = PBXProject;
			attributes = {
				BuildIndependentTargetsInParallel = 1;
				LastSwiftUpdateCheck = 1320;
				LastUpgradeCheck = 1320;
				TargetAttributes = {
					BDDF9E7927B267C3006228A1 = {
						CreatedOnToolsVersion = 13.2;
					};
					BDDF9E8F27B267C6006228A1 = {
						CreatedOnToolsVersion = 13.2;
						TestTargetID = BDDF9E7927B267C3006228A1;
					};
					BDDF9E9927B267C6006228A1 = {
						CreatedOnToolsVersion = 13.2;
						TestTargetID = BDDF9E7927B267C3006228A1;
					};
				};
			};
			buildConfigurationList = BDDF9E7527B267C3006228A1 /* Build configuration list for PBXProject "PokemonCard" */;
			compatibilityVersion = "Xcode 13.0";
			developmentRegion = en;
			hasScannedForEncodings = 0;
			knownRegions = (
				en,
				Base,
			);
			mainGroup = BDDF9E7127B267C3006228A1;
			productRefGroup = BDDF9E7B27B267C3006228A1 /* Products */;
			projectDirPath = "";
			projectRoot = "";
			targets = (
				BDDF9E7927B267C3006228A1 /* PokemonCard */,
				BDDF9E8F27B267C6006228A1 /* PokemonCardTests */,
				BDDF9E9927B267C6006228A1 /* PokemonCardUITests */,
			);
		};
/* End PBXProject section */

/* Begin PBXResourcesBuildPhase section */
		BDDF9E7827B267C3006228A1 /* Resources */ = {
			isa = PBXResourcesBuildPhase;
			buildActionMask = 2147483647;
			files = (
				BDDF9E8A27B267C5006228A1 /* LaunchScreen.storyboard in Resources */,
				BDDF9E8727B267C5006228A1 /* Assets.xcassets in Resources */,
			);
			runOnlyForDeploymentPostprocessing = 0;
		};
		BDDF9E8E27B267C6006228A1 /* Resources */ = {
			isa = PBXResourcesBuildPhase;
			buildActionMask = 2147483647;
			files = (
			);
			runOnlyForDeploymentPostprocessing = 0;
		};
		BDDF9E9827B267C6006228A1 /* Resources */ = {
			isa = PBXResourcesBuildPhase;
			buildActionMask = 2147483647;
			files = (
			);
			runOnlyForDeploymentPostprocessing = 0;
		};
/* End PBXResourcesBuildPhase section */

/* Begin PBXShellScriptBuildPhase section */
		57588336B49F7F775C38CD9F /* [CP] Check Pods Manifest.lock */ = {
			isa = PBXShellScriptBuildPhase;
			buildActionMask = 2147483647;
			files = (
			);
			inputFileListPaths = (
			);
			inputPaths = (
				"${PODS_PODFILE_DIR_PATH}/Podfile.lock",
				"${PODS_ROOT}/Manifest.lock",
			);
			name = "[CP] Check Pods Manifest.lock";
			outputFileListPaths = (
			);
			outputPaths = (
				"$(DERIVED_FILE_DIR)/Pods-PokemonCard-checkManifestLockResult.txt",
			);
			runOnlyForDeploymentPostprocessing = 0;
			shellPath = /bin/sh;
			shellScript = "diff \"${PODS_PODFILE_DIR_PATH}/Podfile.lock\" \"${PODS_ROOT}/Manifest.lock\" > /dev/null\nif [ $? != 0 ] ; then\n    # print error to STDERR\n    echo \"error: The sandbox is not in sync with the Podfile.lock. Run 'pod install' or update your CocoaPods installation.\" >&2\n    exit 1\nfi\n# This output is used by Xcode 'outputs' to avoid re-running this script phase.\necho \"SUCCESS\" > \"${SCRIPT_OUTPUT_FILE_0}\"\n";
			showEnvVarsInLog = 0;
		};
		5A396BE6CE36D2CF945278B8 /* [CP] Check Pods Manifest.lock */ = {
			isa = PBXShellScriptBuildPhase;
			buildActionMask = 2147483647;
			files = (
			);
			inputFileListPaths = (
			);
			inputPaths = (
				"${PODS_PODFILE_DIR_PATH}/Podfile.lock",
				"${PODS_ROOT}/Manifest.lock",
			);
			name = "[CP] Check Pods Manifest.lock";
			outputFileListPaths = (
			);
			outputPaths = (
				"$(DERIVED_FILE_DIR)/Pods-PokemonCardTests-checkManifestLockResult.txt",
			);
			runOnlyForDeploymentPostprocessing = 0;
			shellPath = /bin/sh;
			shellScript = "diff \"${PODS_PODFILE_DIR_PATH}/Podfile.lock\" \"${PODS_ROOT}/Manifest.lock\" > /dev/null\nif [ $? != 0 ] ; then\n    # print error to STDERR\n    echo \"error: The sandbox is not in sync with the Podfile.lock. Run 'pod install' or update your CocoaPods installation.\" >&2\n    exit 1\nfi\n# This output is used by Xcode 'outputs' to avoid re-running this script phase.\necho \"SUCCESS\" > \"${SCRIPT_OUTPUT_FILE_0}\"\n";
			showEnvVarsInLog = 0;
		};
		9C7D368E93D235F0C89A91BC /* [CP] Embed Pods Frameworks */ = {
			isa = PBXShellScriptBuildPhase;
			buildActionMask = 2147483647;
			files = (
			);
			inputFileListPaths = (
				"${PODS_ROOT}/Target Support Files/Pods-PokemonCard/Pods-PokemonCard-frameworks-${CONFIGURATION}-input-files.xcfilelist",
			);
			name = "[CP] Embed Pods Frameworks";
			outputFileListPaths = (
				"${PODS_ROOT}/Target Support Files/Pods-PokemonCard/Pods-PokemonCard-frameworks-${CONFIGURATION}-output-files.xcfilelist",
			);
			runOnlyForDeploymentPostprocessing = 0;
			shellPath = /bin/sh;
			shellScript = "\"${PODS_ROOT}/Target Support Files/Pods-PokemonCard/Pods-PokemonCard-frameworks.sh\"\n";
			showEnvVarsInLog = 0;
		};
		BEC5B4448C2EDD1C5DCC4374 /* [CP] Embed Pods Frameworks */ = {
			isa = PBXShellScriptBuildPhase;
			buildActionMask = 2147483647;
			files = (
			);
			inputFileListPaths = (
				"${PODS_ROOT}/Target Support Files/Pods-PokemonCard-PokemonCardUITests/Pods-PokemonCard-PokemonCardUITests-frameworks-${CONFIGURATION}-input-files.xcfilelist",
			);
			name = "[CP] Embed Pods Frameworks";
			outputFileListPaths = (
				"${PODS_ROOT}/Target Support Files/Pods-PokemonCard-PokemonCardUITests/Pods-PokemonCard-PokemonCardUITests-frameworks-${CONFIGURATION}-output-files.xcfilelist",
			);
			runOnlyForDeploymentPostprocessing = 0;
			shellPath = /bin/sh;
			shellScript = "\"${PODS_ROOT}/Target Support Files/Pods-PokemonCard-PokemonCardUITests/Pods-PokemonCard-PokemonCardUITests-frameworks.sh\"\n";
			showEnvVarsInLog = 0;
		};
		DE486B658DE029D931AC7700 /* [CP] Check Pods Manifest.lock */ = {
			isa = PBXShellScriptBuildPhase;
			buildActionMask = 2147483647;
			files = (
			);
			inputFileListPaths = (
			);
			inputPaths = (
				"${PODS_PODFILE_DIR_PATH}/Podfile.lock",
				"${PODS_ROOT}/Manifest.lock",
			);
			name = "[CP] Check Pods Manifest.lock";
			outputFileListPaths = (
			);
			outputPaths = (
				"$(DERIVED_FILE_DIR)/Pods-PokemonCard-PokemonCardUITests-checkManifestLockResult.txt",
			);
			runOnlyForDeploymentPostprocessing = 0;
			shellPath = /bin/sh;
			shellScript = "diff \"${PODS_PODFILE_DIR_PATH}/Podfile.lock\" \"${PODS_ROOT}/Manifest.lock\" > /dev/null\nif [ $? != 0 ] ; then\n    # print error to STDERR\n    echo \"error: The sandbox is not in sync with the Podfile.lock. Run 'pod install' or update your CocoaPods installation.\" >&2\n    exit 1\nfi\n# This output is used by Xcode 'outputs' to avoid re-running this script phase.\necho \"SUCCESS\" > \"${SCRIPT_OUTPUT_FILE_0}\"\n";
			showEnvVarsInLog = 0;
		};
/* End PBXShellScriptBuildPhase section */

/* Begin PBXSourcesBuildPhase section */
		BDDF9E7627B267C3006228A1 /* Sources */ = {
			isa = PBXSourcesBuildPhase;
			buildActionMask = 2147483647;
			files = (
				BDDF9ED327B2C1CC006228A1 /* DiscoveriesCell.swift in Sources */,
				BDDF9EB627B2AA21006228A1 /* DiscoveriesRouter.swift in Sources */,
				BDDF9EC527B2AE47006228A1 /* Util + Color.swift in Sources */,
				BDDF9EE027B2DFB8006228A1 /* CardDetailsRouter.swift in Sources */,
				BDDF9EBA27B2AA21006228A1 /* DiscoveriesVC.swift in Sources */,
				BDB8189227B6E4330093CE52 /* Reachability.swift in Sources */,
				BDB8188F27B6960A0093CE52 /* ServiceManager.swift in Sources */,
				BDDF9EC227B2ACC0006228A1 /* Extension + UIColor.swift in Sources */,
				BDDF9EE627B2E542006228A1 /* Extension + UIFont.swift in Sources */,
				BDB8189627B6F2480093CE52 /* CustomViews.swift in Sources */,
				BDDF9EE327B2DFB8006228A1 /* CardDetailsProtocol.swift in Sources */,
				BDDF9EDF27B2DFB8006228A1 /* CardDetailsPresenter.swift in Sources */,
				BDDF9EE227B2DFB8006228A1 /* CardDetailsInteractor.swift in Sources */,
				BDDF9EB827B2AA21006228A1 /* DiscoveriesInteractor.swift in Sources */,
				BDB8188D27B58DA00093CE52 /* Service.swift in Sources */,
				BDDF9EE127B2DFB8006228A1 /* CardDetailsModels.swift in Sources */,
				BDDF9ECA27B2BD9C006228A1 /* Configurable.swift in Sources */,
				BDB8188127B5572E0093CE52 /* APIRouter.swift in Sources */,
				BDDF9EB727B2AA21006228A1 /* DiscoveriesModels.swift in Sources */,
				BDDF9EF927B4271D006228A1 /* OtherCardsCollectionViewCell.swift in Sources */,
				BDDF9ED727B2C58B006228A1 /* Extension + UIViewController.swift in Sources */,
				BDDF9EB527B2AA21006228A1 /* DiscoveriesPresenter.swift in Sources */,
				BDDF9EF527B3F5A7006228A1 /* Util + Identifier.swift in Sources */,
				BDB8189427B6F03F0093CE52 /* Alertable.swift in Sources */,
				BDDF9EE427B2DFB8006228A1 /* CardDetailsVC.swift in Sources */,
				BDDF9E7E27B267C3006228A1 /* AppDelegate.swift in Sources */,
				BDDF9EB927B2AA21006228A1 /* DiscoveriesProtocol.swift in Sources */,
				BDDF9E8027B267C3006228A1 /* SceneDelegate.swift in Sources */,
			);
			runOnlyForDeploymentPostprocessing = 0;
		};
		BDDF9E8C27B267C6006228A1 /* Sources */ = {
			isa = PBXSourcesBuildPhase;
			buildActionMask = 2147483647;
			files = (
				BDDF9E9527B267C6006228A1 /* PokemonCardTests.swift in Sources */,
			);
			runOnlyForDeploymentPostprocessing = 0;
		};
		BDDF9E9627B267C6006228A1 /* Sources */ = {
			isa = PBXSourcesBuildPhase;
			buildActionMask = 2147483647;
			files = (
				BDDF9EA127B267C6006228A1 /* PokemonCardUITestsLaunchTests.swift in Sources */,
				BDDF9E9F27B267C6006228A1 /* PokemonCardUITests.swift in Sources */,
			);
			runOnlyForDeploymentPostprocessing = 0;
		};
/* End PBXSourcesBuildPhase section */

/* Begin PBXTargetDependency section */
		BDDF9E9227B267C6006228A1 /* PBXTargetDependency */ = {
			isa = PBXTargetDependency;
			target = BDDF9E7927B267C3006228A1 /* PokemonCard */;
			targetProxy = BDDF9E9127B267C6006228A1 /* PBXContainerItemProxy */;
		};
		BDDF9E9C27B267C6006228A1 /* PBXTargetDependency */ = {
			isa = PBXTargetDependency;
			target = BDDF9E7927B267C3006228A1 /* PokemonCard */;
			targetProxy = BDDF9E9B27B267C6006228A1 /* PBXContainerItemProxy */;
		};
/* End PBXTargetDependency section */

/* Begin PBXVariantGroup section */
		BDDF9E8827B267C5006228A1 /* LaunchScreen.storyboard */ = {
			isa = PBXVariantGroup;
			children = (
				BDDF9E8927B267C5006228A1 /* Base */,
			);
			name = LaunchScreen.storyboard;
			sourceTree = "<group>";
		};
/* End PBXVariantGroup section */

/* Begin XCBuildConfiguration section */
		BDDF9EA227B267C6006228A1 /* Debug */ = {
			isa = XCBuildConfiguration;
			buildSettings = {
				ALWAYS_SEARCH_USER_PATHS = NO;
				CLANG_ANALYZER_NONNULL = YES;
				CLANG_ANALYZER_NUMBER_OBJECT_CONVERSION = YES_AGGRESSIVE;
				CLANG_CXX_LANGUAGE_STANDARD = "gnu++17";
				CLANG_CXX_LIBRARY = "libc++";
				CLANG_ENABLE_MODULES = YES;
				CLANG_ENABLE_OBJC_ARC = YES;
				CLANG_ENABLE_OBJC_WEAK = YES;
				CLANG_WARN_BLOCK_CAPTURE_AUTORELEASING = YES;
				CLANG_WARN_BOOL_CONVERSION = YES;
				CLANG_WARN_COMMA = YES;
				CLANG_WARN_CONSTANT_CONVERSION = YES;
				CLANG_WARN_DEPRECATED_OBJC_IMPLEMENTATIONS = YES;
				CLANG_WARN_DIRECT_OBJC_ISA_USAGE = YES_ERROR;
				CLANG_WARN_DOCUMENTATION_COMMENTS = YES;
				CLANG_WARN_EMPTY_BODY = YES;
				CLANG_WARN_ENUM_CONVERSION = YES;
				CLANG_WARN_INFINITE_RECURSION = YES;
				CLANG_WARN_INT_CONVERSION = YES;
				CLANG_WARN_NON_LITERAL_NULL_CONVERSION = YES;
				CLANG_WARN_OBJC_IMPLICIT_RETAIN_SELF = YES;
				CLANG_WARN_OBJC_LITERAL_CONVERSION = YES;
				CLANG_WARN_OBJC_ROOT_CLASS = YES_ERROR;
				CLANG_WARN_QUOTED_INCLUDE_IN_FRAMEWORK_HEADER = YES;
				CLANG_WARN_RANGE_LOOP_ANALYSIS = YES;
				CLANG_WARN_STRICT_PROTOTYPES = YES;
				CLANG_WARN_SUSPICIOUS_MOVE = YES;
				CLANG_WARN_UNGUARDED_AVAILABILITY = YES_AGGRESSIVE;
				CLANG_WARN_UNREACHABLE_CODE = YES;
				CLANG_WARN__DUPLICATE_METHOD_MATCH = YES;
				COPY_PHASE_STRIP = NO;
				DEBUG_INFORMATION_FORMAT = dwarf;
				ENABLE_STRICT_OBJC_MSGSEND = YES;
				ENABLE_TESTABILITY = YES;
				GCC_C_LANGUAGE_STANDARD = gnu11;
				GCC_DYNAMIC_NO_PIC = NO;
				GCC_NO_COMMON_BLOCKS = YES;
				GCC_OPTIMIZATION_LEVEL = 0;
				GCC_PREPROCESSOR_DEFINITIONS = (
					"DEBUG=1",
					"$(inherited)",
				);
				GCC_WARN_64_TO_32_BIT_CONVERSION = YES;
				GCC_WARN_ABOUT_RETURN_TYPE = YES_ERROR;
				GCC_WARN_UNDECLARED_SELECTOR = YES;
				GCC_WARN_UNINITIALIZED_AUTOS = YES_AGGRESSIVE;
				GCC_WARN_UNUSED_FUNCTION = YES;
				GCC_WARN_UNUSED_VARIABLE = YES;
				IPHONEOS_DEPLOYMENT_TARGET = 15.2;
				MTL_ENABLE_DEBUG_INFO = INCLUDE_SOURCE;
				MTL_FAST_MATH = YES;
				ONLY_ACTIVE_ARCH = YES;
				SDKROOT = iphoneos;
				SWIFT_ACTIVE_COMPILATION_CONDITIONS = DEBUG;
				SWIFT_OPTIMIZATION_LEVEL = "-Onone";
			};
			name = Debug;
		};
		BDDF9EA327B267C6006228A1 /* Release */ = {
			isa = XCBuildConfiguration;
			buildSettings = {
				ALWAYS_SEARCH_USER_PATHS = NO;
				CLANG_ANALYZER_NONNULL = YES;
				CLANG_ANALYZER_NUMBER_OBJECT_CONVERSION = YES_AGGRESSIVE;
				CLANG_CXX_LANGUAGE_STANDARD = "gnu++17";
				CLANG_CXX_LIBRARY = "libc++";
				CLANG_ENABLE_MODULES = YES;
				CLANG_ENABLE_OBJC_ARC = YES;
				CLANG_ENABLE_OBJC_WEAK = YES;
				CLANG_WARN_BLOCK_CAPTURE_AUTORELEASING = YES;
				CLANG_WARN_BOOL_CONVERSION = YES;
				CLANG_WARN_COMMA = YES;
				CLANG_WARN_CONSTANT_CONVERSION = YES;
				CLANG_WARN_DEPRECATED_OBJC_IMPLEMENTATIONS = YES;
				CLANG_WARN_DIRECT_OBJC_ISA_USAGE = YES_ERROR;
				CLANG_WARN_DOCUMENTATION_COMMENTS = YES;
				CLANG_WARN_EMPTY_BODY = YES;
				CLANG_WARN_ENUM_CONVERSION = YES;
				CLANG_WARN_INFINITE_RECURSION = YES;
				CLANG_WARN_INT_CONVERSION = YES;
				CLANG_WARN_NON_LITERAL_NULL_CONVERSION = YES;
				CLANG_WARN_OBJC_IMPLICIT_RETAIN_SELF = YES;
				CLANG_WARN_OBJC_LITERAL_CONVERSION = YES;
				CLANG_WARN_OBJC_ROOT_CLASS = YES_ERROR;
				CLANG_WARN_QUOTED_INCLUDE_IN_FRAMEWORK_HEADER = YES;
				CLANG_WARN_RANGE_LOOP_ANALYSIS = YES;
				CLANG_WARN_STRICT_PROTOTYPES = YES;
				CLANG_WARN_SUSPICIOUS_MOVE = YES;
				CLANG_WARN_UNGUARDED_AVAILABILITY = YES_AGGRESSIVE;
				CLANG_WARN_UNREACHABLE_CODE = YES;
				CLANG_WARN__DUPLICATE_METHOD_MATCH = YES;
				COPY_PHASE_STRIP = NO;
				DEBUG_INFORMATION_FORMAT = "dwarf-with-dsym";
				ENABLE_NS_ASSERTIONS = NO;
				ENABLE_STRICT_OBJC_MSGSEND = YES;
				GCC_C_LANGUAGE_STANDARD = gnu11;
				GCC_NO_COMMON_BLOCKS = YES;
				GCC_WARN_64_TO_32_BIT_CONVERSION = YES;
				GCC_WARN_ABOUT_RETURN_TYPE = YES_ERROR;
				GCC_WARN_UNDECLARED_SELECTOR = YES;
				GCC_WARN_UNINITIALIZED_AUTOS = YES_AGGRESSIVE;
				GCC_WARN_UNUSED_FUNCTION = YES;
				GCC_WARN_UNUSED_VARIABLE = YES;
				IPHONEOS_DEPLOYMENT_TARGET = 15.2;
				MTL_ENABLE_DEBUG_INFO = NO;
				MTL_FAST_MATH = YES;
				SDKROOT = iphoneos;
				SWIFT_COMPILATION_MODE = wholemodule;
				SWIFT_OPTIMIZATION_LEVEL = "-O";
				VALIDATE_PRODUCT = YES;
			};
			name = Release;
		};
		BDDF9EA527B267C6006228A1 /* Debug */ = {
			isa = XCBuildConfiguration;
			baseConfigurationReference = 49B38A6804A964696881956F /* Pods-PokemonCard.debug.xcconfig */;
			buildSettings = {
				ASSETCATALOG_COMPILER_APPICON_NAME = AppIcon;
				ASSETCATALOG_COMPILER_GLOBAL_ACCENT_COLOR_NAME = AccentColor;
				CODE_SIGN_STYLE = Automatic;
				CURRENT_PROJECT_VERSION = 1;
				DEVELOPMENT_TEAM = RMQNS23DVX;
				GENERATE_INFOPLIST_FILE = YES;
				INFOPLIST_FILE = PokemonCard/Info.plist;
				INFOPLIST_KEY_UIApplicationSupportsIndirectInputEvents = YES;
				INFOPLIST_KEY_UILaunchStoryboardName = LaunchScreen;
				INFOPLIST_KEY_UISupportedInterfaceOrientations_iPad = "UIInterfaceOrientationPortrait UIInterfaceOrientationPortraitUpsideDown UIInterfaceOrientationLandscapeLeft UIInterfaceOrientationLandscapeRight";
				INFOPLIST_KEY_UISupportedInterfaceOrientations_iPhone = "UIInterfaceOrientationPortrait UIInterfaceOrientationLandscapeLeft UIInterfaceOrientationLandscapeRight";
				LD_RUNPATH_SEARCH_PATHS = (
					"$(inherited)",
					"@executable_path/Frameworks",
				);
				MARKETING_VERSION = 1.0;
				PRODUCT_BUNDLE_IDENTIFIER = com.mike.PokemonCard;
				PRODUCT_NAME = "$(TARGET_NAME)";
				SWIFT_EMIT_LOC_STRINGS = YES;
				SWIFT_VERSION = 5.0;
				TARGETED_DEVICE_FAMILY = "1,2";
			};
			name = Debug;
		};
		BDDF9EA627B267C6006228A1 /* Release */ = {
			isa = XCBuildConfiguration;
			baseConfigurationReference = 4E6A1C9CCA61A320B78866F0 /* Pods-PokemonCard.release.xcconfig */;
			buildSettings = {
				ASSETCATALOG_COMPILER_APPICON_NAME = AppIcon;
				ASSETCATALOG_COMPILER_GLOBAL_ACCENT_COLOR_NAME = AccentColor;
				CODE_SIGN_STYLE = Automatic;
				CURRENT_PROJECT_VERSION = 1;
				DEVELOPMENT_TEAM = RMQNS23DVX;
				GENERATE_INFOPLIST_FILE = YES;
				INFOPLIST_FILE = PokemonCard/Info.plist;
				INFOPLIST_KEY_UIApplicationSupportsIndirectInputEvents = YES;
				INFOPLIST_KEY_UILaunchStoryboardName = LaunchScreen;
				INFOPLIST_KEY_UISupportedInterfaceOrientations_iPad = "UIInterfaceOrientationPortrait UIInterfaceOrientationPortraitUpsideDown UIInterfaceOrientationLandscapeLeft UIInterfaceOrientationLandscapeRight";
				INFOPLIST_KEY_UISupportedInterfaceOrientations_iPhone = "UIInterfaceOrientationPortrait UIInterfaceOrientationLandscapeLeft UIInterfaceOrientationLandscapeRight";
				LD_RUNPATH_SEARCH_PATHS = (
					"$(inherited)",
					"@executable_path/Frameworks",
				);
				MARKETING_VERSION = 1.0;
				PRODUCT_BUNDLE_IDENTIFIER = com.mike.PokemonCard;
				PRODUCT_NAME = "$(TARGET_NAME)";
				SWIFT_EMIT_LOC_STRINGS = YES;
				SWIFT_VERSION = 5.0;
				TARGETED_DEVICE_FAMILY = "1,2";
			};
			name = Release;
		};
		BDDF9EA827B267C6006228A1 /* Debug */ = {
			isa = XCBuildConfiguration;
			baseConfigurationReference = F33C2CDAA26D1B4C66F21AB2 /* Pods-PokemonCardTests.debug.xcconfig */;
			buildSettings = {
				ALWAYS_EMBED_SWIFT_STANDARD_LIBRARIES = YES;
				BUNDLE_LOADER = "$(TEST_HOST)";
				CODE_SIGN_STYLE = Automatic;
				CURRENT_PROJECT_VERSION = 1;
				DEVELOPMENT_TEAM = RMQNS23DVX;
				GENERATE_INFOPLIST_FILE = YES;
				IPHONEOS_DEPLOYMENT_TARGET = 15.2;
				MARKETING_VERSION = 1.0;
				PRODUCT_BUNDLE_IDENTIFIER = com.mike.PokemonCardTests;
				PRODUCT_NAME = "$(TARGET_NAME)";
				SWIFT_EMIT_LOC_STRINGS = NO;
				SWIFT_VERSION = 5.0;
				TARGETED_DEVICE_FAMILY = "1,2";
				TEST_HOST = "$(BUILT_PRODUCTS_DIR)/PokemonCard.app/PokemonCard";
			};
			name = Debug;
		};
		BDDF9EA927B267C6006228A1 /* Release */ = {
			isa = XCBuildConfiguration;
			baseConfigurationReference = 33B48C12934A34B1C744F442 /* Pods-PokemonCardTests.release.xcconfig */;
			buildSettings = {
				ALWAYS_EMBED_SWIFT_STANDARD_LIBRARIES = YES;
				BUNDLE_LOADER = "$(TEST_HOST)";
				CODE_SIGN_STYLE = Automatic;
				CURRENT_PROJECT_VERSION = 1;
				DEVELOPMENT_TEAM = RMQNS23DVX;
				GENERATE_INFOPLIST_FILE = YES;
				IPHONEOS_DEPLOYMENT_TARGET = 15.2;
				MARKETING_VERSION = 1.0;
				PRODUCT_BUNDLE_IDENTIFIER = com.mike.PokemonCardTests;
				PRODUCT_NAME = "$(TARGET_NAME)";
				SWIFT_EMIT_LOC_STRINGS = NO;
				SWIFT_VERSION = 5.0;
				TARGETED_DEVICE_FAMILY = "1,2";
				TEST_HOST = "$(BUILT_PRODUCTS_DIR)/PokemonCard.app/PokemonCard";
			};
			name = Release;
		};
		BDDF9EAB27B267C6006228A1 /* Debug */ = {
			isa = XCBuildConfiguration;
			baseConfigurationReference = 52F84E0B4E46D37B8516A325 /* Pods-PokemonCard-PokemonCardUITests.debug.xcconfig */;
			buildSettings = {
				ALWAYS_EMBED_SWIFT_STANDARD_LIBRARIES = YES;
				CODE_SIGN_STYLE = Automatic;
				CURRENT_PROJECT_VERSION = 1;
				DEVELOPMENT_TEAM = RMQNS23DVX;
				GENERATE_INFOPLIST_FILE = YES;
				MARKETING_VERSION = 1.0;
				PRODUCT_BUNDLE_IDENTIFIER = com.mike.PokemonCardUITests;
				PRODUCT_NAME = "$(TARGET_NAME)";
				SWIFT_EMIT_LOC_STRINGS = NO;
				SWIFT_VERSION = 5.0;
				TARGETED_DEVICE_FAMILY = "1,2";
				TEST_TARGET_NAME = PokemonCard;
			};
			name = Debug;
		};
		BDDF9EAC27B267C6006228A1 /* Release */ = {
			isa = XCBuildConfiguration;
			baseConfigurationReference = C51958666F0B372A7A00474D /* Pods-PokemonCard-PokemonCardUITests.release.xcconfig */;
			buildSettings = {
				ALWAYS_EMBED_SWIFT_STANDARD_LIBRARIES = YES;
				CODE_SIGN_STYLE = Automatic;
				CURRENT_PROJECT_VERSION = 1;
				DEVELOPMENT_TEAM = RMQNS23DVX;
				GENERATE_INFOPLIST_FILE = YES;
				MARKETING_VERSION = 1.0;
				PRODUCT_BUNDLE_IDENTIFIER = com.mike.PokemonCardUITests;
				PRODUCT_NAME = "$(TARGET_NAME)";
				SWIFT_EMIT_LOC_STRINGS = NO;
				SWIFT_VERSION = 5.0;
				TARGETED_DEVICE_FAMILY = "1,2";
				TEST_TARGET_NAME = PokemonCard;
			};
			name = Release;
		};
/* End XCBuildConfiguration section */

/* Begin XCConfigurationList section */
		BDDF9E7527B267C3006228A1 /* Build configuration list for PBXProject "PokemonCard" */ = {
			isa = XCConfigurationList;
			buildConfigurations = (
				BDDF9EA227B267C6006228A1 /* Debug */,
				BDDF9EA327B267C6006228A1 /* Release */,
			);
			defaultConfigurationIsVisible = 0;
			defaultConfigurationName = Release;
		};
		BDDF9EA427B267C6006228A1 /* Build configuration list for PBXNativeTarget "PokemonCard" */ = {
			isa = XCConfigurationList;
			buildConfigurations = (
				BDDF9EA527B267C6006228A1 /* Debug */,
				BDDF9EA627B267C6006228A1 /* Release */,
			);
			defaultConfigurationIsVisible = 0;
			defaultConfigurationName = Release;
		};
		BDDF9EA727B267C6006228A1 /* Build configuration list for PBXNativeTarget "PokemonCardTests" */ = {
			isa = XCConfigurationList;
			buildConfigurations = (
				BDDF9EA827B267C6006228A1 /* Debug */,
				BDDF9EA927B267C6006228A1 /* Release */,
			);
			defaultConfigurationIsVisible = 0;
			defaultConfigurationName = Release;
		};
		BDDF9EAA27B267C6006228A1 /* Build configuration list for PBXNativeTarget "PokemonCardUITests" */ = {
			isa = XCConfigurationList;
			buildConfigurations = (
				BDDF9EAB27B267C6006228A1 /* Debug */,
				BDDF9EAC27B267C6006228A1 /* Release */,
			);
			defaultConfigurationIsVisible = 0;
			defaultConfigurationName = Release;
		};
/* End XCConfigurationList section */
	};
	rootObject = BDDF9E7227B267C3006228A1 /* Project object */;
}
